
Microsoft Visual Studio Solution File, Format Version 12.00
# Visual Studio Version 17
VisualStudioVersion = 17.5.33516.290
MinimumVisualStudioVersion = 10.0.40219.1
Project("{FAE04EC0-301F-11D3-BF4B-00C04F79EFBC}") = "Practical_exam", "Practical_exam\Practical_exam.csproj", "{C6913B25-B276-4718-BE28-BFB8F5721595}"
EndProject
Global
	GlobalSection(SolutionConfigurationPlatforms) = preSolution
		Debug|Any CPU = Debug|Any CPU
		Release|Any CPU = Release|Any CPU
	EndGlobalSection
	GlobalSection(ProjectConfigurationPlatforms) = postSolution
		{C6913B25-B276-4718-BE28-BFB8F5721595}.Debug|Any CPU.ActiveCfg = Debug|Any CPU
		{C6913B25-B276-4718-BE28-BFB8F5721595}.Debug|Any CPU.Build.0 = Debug|Any CPU
		{C6913B25-B276-4718-BE28-BFB8F5721595}.Release|Any CPU.ActiveCfg = Release|Any CPU
		{C6913B25-B276-4718-BE28-BFB8F5721595}.Release|Any CPU.Build.0 = Release|Any CPU
	EndGlobalSection
	GlobalSection(SolutionProperties) = preSolution
		HideSolutionNode = FALSE
	EndGlobalSection
	GlobalSection(ExtensibilityGlobals) = postSolution
		SolutionGuid = {B28C056E-0737-40B5-BC41-B46CDD69E402}
	EndGlobalSection
EndGlobal
